
Microsoft Visual Studio Solution File, Format Version 12.00
# Visual Studio Version 17
VisualStudioVersion = 17.3.32901.215
MinimumVisualStudioVersion = 10.0.40219.1
Project("{FAE04EC0-301F-11D3-BF4B-00C04F79EFBC}") = "DVDProfilerToSQL", "DVDProfilerToSQL\DVDProfilerToSQL\DVDProfilerToSQL.csproj", "{C9294FEE-0024-4B23-963F-3D0932168260}"
EndProject
Project("{FAE04EC0-301F-11D3-BF4B-00C04F79EFBC}") = "SqlDatabase", "DVDProfilerToSQL\SqlDatabase\SqlDatabase.csproj", "{6999764B-1EBB-4DFE-8EB8-4A69E272C983}"
EndProject
Project("{FAE04EC0-301F-11D3-BF4B-00C04F79EFBC}") = "QuerySamples", "QuerySamples\QuerySamples.csproj", "{B4EDE40C-23D0-42ED-8C3B-9E557BC44FBD}"
EndProject
Global
	GlobalSection(SolutionConfigurationPlatforms) = preSolution
		Debug|x64 = Debug|x64
		Debug|x86 = Debug|x86
		Release|x64 = Release|x64
		Release|x86 = Release|x86
	EndGlobalSection
	GlobalSection(ProjectConfigurationPlatforms) = postSolution
		{6999764B-1EBB-4DFE-8EB8-4A69E272C983}.Debug|x64.ActiveCfg = Debug|x64
		{6999764B-1EBB-4DFE-8EB8-4A69E272C983}.Debug|x64.Build.0 = Debug|x64
		{6999764B-1EBB-4DFE-8EB8-4A69E272C983}.Debug|x86.ActiveCfg = Debug|x86
		{6999764B-1EBB-4DFE-8EB8-4A69E272C983}.Debug|x86.Build.0 = Debug|x86
		{6999764B-1EBB-4DFE-8EB8-4A69E272C983}.Release|x64.ActiveCfg = Release|x64
		{6999764B-1EBB-4DFE-8EB8-4A69E272C983}.Release|x64.Build.0 = Release|x64
		{6999764B-1EBB-4DFE-8EB8-4A69E272C983}.Release|x86.ActiveCfg = Release|x86
		{6999764B-1EBB-4DFE-8EB8-4A69E272C983}.Release|x86.Build.0 = Release|x86
		{C9294FEE-0024-4B23-963F-3D0932168260}.Debug|x64.ActiveCfg = Debug|x64
		{C9294FEE-0024-4B23-963F-3D0932168260}.Debug|x64.Build.0 = Debug|x64
		{C9294FEE-0024-4B23-963F-3D0932168260}.Debug|x86.ActiveCfg = Debug|x86
		{C9294FEE-0024-4B23-963F-3D0932168260}.Debug|x86.Build.0 = Debug|x86
		{C9294FEE-0024-4B23-963F-3D0932168260}.Release|x64.ActiveCfg = Release|x64
		{C9294FEE-0024-4B23-963F-3D0932168260}.Release|x64.Build.0 = Release|x64
		{C9294FEE-0024-4B23-963F-3D0932168260}.Release|x86.ActiveCfg = Release|x86
		{C9294FEE-0024-4B23-963F-3D0932168260}.Release|x86.Build.0 = Release|x86
		{B4EDE40C-23D0-42ED-8C3B-9E557BC44FBD}.Debug|x64.ActiveCfg = Debug|x64
		{B4EDE40C-23D0-42ED-8C3B-9E557BC44FBD}.Debug|x64.Build.0 = Debug|x64
		{B4EDE40C-23D0-42ED-8C3B-9E557BC44FBD}.Debug|x86.ActiveCfg = Debug|x86
		{B4EDE40C-23D0-42ED-8C3B-9E557BC44FBD}.Debug|x86.Build.0 = Debug|x86
		{B4EDE40C-23D0-42ED-8C3B-9E557BC44FBD}.Release|x64.ActiveCfg = Release|x64
		{B4EDE40C-23D0-42ED-8C3B-9E557BC44FBD}.Release|x64.Build.0 = Release|x64
		{B4EDE40C-23D0-42ED-8C3B-9E557BC44FBD}.Release|x86.ActiveCfg = Release|x86
		{B4EDE40C-23D0-42ED-8C3B-9E557BC44FBD}.Release|x86.Build.0 = Release|x86
	EndGlobalSection
	GlobalSection(SolutionProperties) = preSolution
		HideSolutionNode = FALSE
	EndGlobalSection
EndGlobal
