
Microsoft Visual Studio Solution File, Format Version 12.00
# Visual Studio Version 16
VisualStudioVersion = 16.0.29306.81
MinimumVisualStudioVersion = 10.0.40219.1
Project("{2150E333-8FDC-42A3-9474-1A3956D46DE8}") = "Libaries", "Libaries", "{C9D4E806-0E79-47DD-858D-68F55B037830}"
EndProject
Project("{FAE04EC0-301F-11D3-BF4B-00C04F79EFBC}") = "DVDProfilerHelper", "DVDProfilerXML\DVDProfilerHelper\DVDProfilerHelper\DVDProfilerHelper.csproj", "{461DACCA-8EBF-4C03-AD1A-C438E4EB3B36}"
EndProject
Project("{FAE04EC0-301F-11D3-BF4B-00C04F79EFBC}") = "DVDProfilerXML", "DVDProfilerXML\DVDProfilerXML\DVDProfilerXML.csproj", "{2E90CC6F-892E-45B3-8812-EE52FFA3B222}"
EndProject
Project("{FAE04EC0-301F-11D3-BF4B-00C04F79EFBC}") = "SqlDatabase", "DVDProfilerToSQL\SqlDatabase\SqlDatabase.csproj", "{6999764B-1EBB-4DFE-8EB8-4A69E272C983}"
EndProject
Project("{FAE04EC0-301F-11D3-BF4B-00C04F79EFBC}") = "DVDProfilerToSQL", "DVDProfilerToSQL\DVDProfilerToSQL\DVDProfilerToSQL.csproj", "{C9294FEE-0024-4B23-963F-3D0932168260}"
EndProject
Project("{FAE04EC0-301F-11D3-BF4B-00C04F79EFBC}") = "DigitalDownloadInfoLibrary", "DigitalDownloadInfoLibrary\DigitalDownloadInfoLibrary\DigitalDownloadInfoLibrary.csproj", "{5CA4049E-5E29-4C8C-90E2-1FE91147BAEB}"
EndProject
Project("{FAE04EC0-301F-11D3-BF4B-00C04F79EFBC}") = "EnhancedFeaturesLibrary", "EnhancedFeaturesLibrary\EnhancedFeaturesLibrary\EnhancedFeaturesLibrary.csproj", "{B045C2A8-CDA6-4491-A88E-8817F504A072}"
EndProject
Project("{FAE04EC0-301F-11D3-BF4B-00C04F79EFBC}") = "EnhancedNotesLibrary", "EnhancedNotesLibrary\EnhancedNotesLibrary\EnhancedNotesLibrary.csproj", "{3F3CBE6F-7CDE-4A89-9685-09B65394D171}"
EndProject
Project("{FAE04EC0-301F-11D3-BF4B-00C04F79EFBC}") = "EnhancedPurchaseInfoLibrary", "EnhancedPurchaseInfoLibrary\EnhancedPurchaseInfoLibrary\EnhancedPurchaseInfoLibrary.csproj", "{9CB8D714-D5D6-440A-AA59-EB0C5D1FED26}"
EndProject
Project("{FAE04EC0-301F-11D3-BF4B-00C04F79EFBC}") = "EnhancedTitlesLibrary", "EnhancedTitlesLibrary\EnhancedTitlesLibrary\EnhancedTitlesLibrary.csproj", "{B77FCD17-EF8C-4849-9FFE-7EA0A9FE11C5}"
EndProject
Global
	GlobalSection(SolutionConfigurationPlatforms) = preSolution
		Debug|x64 = Debug|x64
		Debug|x86 = Debug|x86
		Release|x64 = Release|x64
		Release|x86 = Release|x86
	EndGlobalSection
	GlobalSection(ProjectConfigurationPlatforms) = postSolution
		{461DACCA-8EBF-4C03-AD1A-C438E4EB3B36}.Debug|x64.ActiveCfg = Debug|x64
		{461DACCA-8EBF-4C03-AD1A-C438E4EB3B36}.Debug|x64.Build.0 = Debug|x64
		{461DACCA-8EBF-4C03-AD1A-C438E4EB3B36}.Debug|x86.ActiveCfg = Debug|x86
		{461DACCA-8EBF-4C03-AD1A-C438E4EB3B36}.Debug|x86.Build.0 = Debug|x86
		{461DACCA-8EBF-4C03-AD1A-C438E4EB3B36}.Release|x64.ActiveCfg = Debug|x64
		{461DACCA-8EBF-4C03-AD1A-C438E4EB3B36}.Release|x64.Build.0 = Debug|x64
		{461DACCA-8EBF-4C03-AD1A-C438E4EB3B36}.Release|x86.ActiveCfg = Debug|x86
		{461DACCA-8EBF-4C03-AD1A-C438E4EB3B36}.Release|x86.Build.0 = Debug|x86
		{2E90CC6F-892E-45B3-8812-EE52FFA3B222}.Debug|x64.ActiveCfg = Debug|x64
		{2E90CC6F-892E-45B3-8812-EE52FFA3B222}.Debug|x64.Build.0 = Debug|x64
		{2E90CC6F-892E-45B3-8812-EE52FFA3B222}.Debug|x86.ActiveCfg = Debug|x86
		{2E90CC6F-892E-45B3-8812-EE52FFA3B222}.Debug|x86.Build.0 = Debug|x86
		{2E90CC6F-892E-45B3-8812-EE52FFA3B222}.Release|x64.ActiveCfg = Debug|x64
		{2E90CC6F-892E-45B3-8812-EE52FFA3B222}.Release|x64.Build.0 = Debug|x64
		{2E90CC6F-892E-45B3-8812-EE52FFA3B222}.Release|x86.ActiveCfg = Debug|x86
		{2E90CC6F-892E-45B3-8812-EE52FFA3B222}.Release|x86.Build.0 = Debug|x86
		{6999764B-1EBB-4DFE-8EB8-4A69E272C983}.Debug|x64.ActiveCfg = Debug|x64
		{6999764B-1EBB-4DFE-8EB8-4A69E272C983}.Debug|x64.Build.0 = Debug|x64
		{6999764B-1EBB-4DFE-8EB8-4A69E272C983}.Debug|x86.ActiveCfg = Debug|x86
		{6999764B-1EBB-4DFE-8EB8-4A69E272C983}.Debug|x86.Build.0 = Debug|x86
		{6999764B-1EBB-4DFE-8EB8-4A69E272C983}.Release|x64.ActiveCfg = Release|x64
		{6999764B-1EBB-4DFE-8EB8-4A69E272C983}.Release|x64.Build.0 = Release|x64
		{6999764B-1EBB-4DFE-8EB8-4A69E272C983}.Release|x86.ActiveCfg = Release|x86
		{6999764B-1EBB-4DFE-8EB8-4A69E272C983}.Release|x86.Build.0 = Release|x86
		{C9294FEE-0024-4B23-963F-3D0932168260}.Debug|x64.ActiveCfg = Debug|x64
		{C9294FEE-0024-4B23-963F-3D0932168260}.Debug|x64.Build.0 = Debug|x64
		{C9294FEE-0024-4B23-963F-3D0932168260}.Debug|x86.ActiveCfg = Debug|x86
		{C9294FEE-0024-4B23-963F-3D0932168260}.Debug|x86.Build.0 = Debug|x86
		{C9294FEE-0024-4B23-963F-3D0932168260}.Release|x64.ActiveCfg = Release|x64
		{C9294FEE-0024-4B23-963F-3D0932168260}.Release|x64.Build.0 = Release|x64
		{C9294FEE-0024-4B23-963F-3D0932168260}.Release|x86.ActiveCfg = Release|x86
		{C9294FEE-0024-4B23-963F-3D0932168260}.Release|x86.Build.0 = Release|x86
		{5CA4049E-5E29-4C8C-90E2-1FE91147BAEB}.Debug|x64.ActiveCfg = Debug|x64
		{5CA4049E-5E29-4C8C-90E2-1FE91147BAEB}.Debug|x64.Build.0 = Debug|x64
		{5CA4049E-5E29-4C8C-90E2-1FE91147BAEB}.Debug|x86.ActiveCfg = Debug|x86
		{5CA4049E-5E29-4C8C-90E2-1FE91147BAEB}.Debug|x86.Build.0 = Debug|x86
		{5CA4049E-5E29-4C8C-90E2-1FE91147BAEB}.Release|x64.ActiveCfg = Debug|x64
		{5CA4049E-5E29-4C8C-90E2-1FE91147BAEB}.Release|x64.Build.0 = Debug|x64
		{5CA4049E-5E29-4C8C-90E2-1FE91147BAEB}.Release|x86.ActiveCfg = Debug|x86
		{5CA4049E-5E29-4C8C-90E2-1FE91147BAEB}.Release|x86.Build.0 = Debug|x86
		{B045C2A8-CDA6-4491-A88E-8817F504A072}.Debug|x64.ActiveCfg = Debug|x64
		{B045C2A8-CDA6-4491-A88E-8817F504A072}.Debug|x64.Build.0 = Debug|x64
		{B045C2A8-CDA6-4491-A88E-8817F504A072}.Debug|x86.ActiveCfg = Debug|x86
		{B045C2A8-CDA6-4491-A88E-8817F504A072}.Debug|x86.Build.0 = Debug|x86
		{B045C2A8-CDA6-4491-A88E-8817F504A072}.Release|x64.ActiveCfg = Debug|x64
		{B045C2A8-CDA6-4491-A88E-8817F504A072}.Release|x64.Build.0 = Debug|x64
		{B045C2A8-CDA6-4491-A88E-8817F504A072}.Release|x86.ActiveCfg = Debug|x86
		{B045C2A8-CDA6-4491-A88E-8817F504A072}.Release|x86.Build.0 = Debug|x86
		{3F3CBE6F-7CDE-4A89-9685-09B65394D171}.Debug|x64.ActiveCfg = Debug|x64
		{3F3CBE6F-7CDE-4A89-9685-09B65394D171}.Debug|x64.Build.0 = Debug|x64
		{3F3CBE6F-7CDE-4A89-9685-09B65394D171}.Debug|x86.ActiveCfg = Debug|x86
		{3F3CBE6F-7CDE-4A89-9685-09B65394D171}.Debug|x86.Build.0 = Debug|x86
		{3F3CBE6F-7CDE-4A89-9685-09B65394D171}.Release|x64.ActiveCfg = Debug|x64
		{3F3CBE6F-7CDE-4A89-9685-09B65394D171}.Release|x64.Build.0 = Debug|x64
		{3F3CBE6F-7CDE-4A89-9685-09B65394D171}.Release|x86.ActiveCfg = Debug|x86
		{3F3CBE6F-7CDE-4A89-9685-09B65394D171}.Release|x86.Build.0 = Debug|x86
		{9CB8D714-D5D6-440A-AA59-EB0C5D1FED26}.Debug|x64.ActiveCfg = Debug|x64
		{9CB8D714-D5D6-440A-AA59-EB0C5D1FED26}.Debug|x64.Build.0 = Debug|x64
		{9CB8D714-D5D6-440A-AA59-EB0C5D1FED26}.Debug|x86.ActiveCfg = Debug|x86
		{9CB8D714-D5D6-440A-AA59-EB0C5D1FED26}.Debug|x86.Build.0 = Debug|x86
		{9CB8D714-D5D6-440A-AA59-EB0C5D1FED26}.Release|x64.ActiveCfg = Debug|x64
		{9CB8D714-D5D6-440A-AA59-EB0C5D1FED26}.Release|x64.Build.0 = Debug|x64
		{9CB8D714-D5D6-440A-AA59-EB0C5D1FED26}.Release|x86.ActiveCfg = Debug|x86
		{9CB8D714-D5D6-440A-AA59-EB0C5D1FED26}.Release|x86.Build.0 = Debug|x86
		{B77FCD17-EF8C-4849-9FFE-7EA0A9FE11C5}.Debug|x64.ActiveCfg = Debug|x64
		{B77FCD17-EF8C-4849-9FFE-7EA0A9FE11C5}.Debug|x64.Build.0 = Debug|x64
		{B77FCD17-EF8C-4849-9FFE-7EA0A9FE11C5}.Debug|x86.ActiveCfg = Debug|x86
		{B77FCD17-EF8C-4849-9FFE-7EA0A9FE11C5}.Debug|x86.Build.0 = Debug|x86
		{B77FCD17-EF8C-4849-9FFE-7EA0A9FE11C5}.Release|x64.ActiveCfg = Debug|x64
		{B77FCD17-EF8C-4849-9FFE-7EA0A9FE11C5}.Release|x64.Build.0 = Debug|x64
		{B77FCD17-EF8C-4849-9FFE-7EA0A9FE11C5}.Release|x86.ActiveCfg = Debug|x86
		{B77FCD17-EF8C-4849-9FFE-7EA0A9FE11C5}.Release|x86.Build.0 = Debug|x86
	EndGlobalSection
	GlobalSection(SolutionProperties) = preSolution
		HideSolutionNode = FALSE
	EndGlobalSection
	GlobalSection(NestedProjects) = preSolution
		{461DACCA-8EBF-4C03-AD1A-C438E4EB3B36} = {C9D4E806-0E79-47DD-858D-68F55B037830}
		{2E90CC6F-892E-45B3-8812-EE52FFA3B222} = {C9D4E806-0E79-47DD-858D-68F55B037830}
		{5CA4049E-5E29-4C8C-90E2-1FE91147BAEB} = {C9D4E806-0E79-47DD-858D-68F55B037830}
		{B045C2A8-CDA6-4491-A88E-8817F504A072} = {C9D4E806-0E79-47DD-858D-68F55B037830}
		{3F3CBE6F-7CDE-4A89-9685-09B65394D171} = {C9D4E806-0E79-47DD-858D-68F55B037830}
		{9CB8D714-D5D6-440A-AA59-EB0C5D1FED26} = {C9D4E806-0E79-47DD-858D-68F55B037830}
		{B77FCD17-EF8C-4849-9FFE-7EA0A9FE11C5} = {C9D4E806-0E79-47DD-858D-68F55B037830}
	EndGlobalSection
	GlobalSection(ExtensibilityGlobals) = postSolution
		SolutionGuid = {12A58873-3158-4D0C-BE0F-3812B02E05F3}
	EndGlobalSection
EndGlobal
